# This file was autogenerated by Stack.
# You should not edit this file by hand.
# For more information, please see the documentation at:
#   https://docs.haskellstack.org/en/stable/lock_files

packages:
- completed:
    hackage: haskell-exp-parser-0.1.1@sha256:c3227fb4040489741b8cfb7f4a641bab301a1bfdea2bbb087736e0864d516809,1771
    pantry-tree:
      size: 347
      sha256: 2ceac6721be47410e29ca23c189461fdaed661fe80a63566c0574b4f283c39c0
  original:
    hackage: haskell-exp-parser-0.1.1
- completed:
    hackage: pretty-show-ansi-wl-1.9.2.1@sha256:72b03330dab5253d60d6498e340979d47256e6f56f28c96294724032ca26aa78,1086
    pantry-tree:
      size: 342
      sha256: 7a5bb8c8e54484ef9515bcfbf5107f93a0806b68182c528e64299cd5d1b5ca47
  original:
    hackage: pretty-show-ansi-wl-1.9.2.1
- completed:
    hackage: Cabal-3.2.0.0@sha256:d0d7a1f405f25d0000f5ddef684838bc264842304fd4e7f80ca92b997b710874,27320
    pantry-tree:
      size: 40963
      sha256: b122f2d76dc82a350d3986fa0cbc4ecf9c3bb4f9c598ccbfb3b2bfdde02f3698
  original:
    hackage: Cabal-3.2.0.0@sha256:d0d7a1f405f25d0000f5ddef684838bc264842304fd4e7f80ca92b997b710874,27320
snapshots:
- completed:
    size: 524164
    url: https://raw.githubusercontent.com/commercialhaskell/stackage-snapshots/master/lts/14/22.yaml
    sha256: 7ad8f33179b32d204165a3a662c6269464a47a7e65a30abc38d01b5a38ec42c0
  original: lts-14.22
